{
  "name": "t3-serve",
  "version": "0.1.0",
  "lockfileVersion": 3,
  "requires": true,
  "packages": {
    "": {
      "name": "t3-serve",
      "version": "0.1.0",
      "hasInstallScript": true,
      "license": "MIT",
      "bin": {
        "t3-serve": "bin/t3serve.js",
        "t3serve": "bin/t3serve.js"
      },
      "engines": {
        "node": ">=18"
      }
    }
  }
}
